PODS:
  - SuperAlertController (1.0.3)
  - SuperAlertControllerPickers (1.0.2):
    - SuperAlertController

DEPENDENCIES:
  - SuperAlertControllerPickers (from `../`)

EXTERNAL SOURCES:
  SuperAlertControllerPickers:
    :path: ../

SPEC CHECKSUMS:
  SuperAlertController: 43595e937f5cf466cc076676e7836c281e0b7804
  SuperAlertControllerPickers: a7dea8c14b9d8515c6e3984c215c8769b69cf7a1

PODFILE CHECKSUM: 0a7bccbf602969d690dc5681d2df8f7d132fe878

COCOAPODS: 1.4.0
