PODS:
  - SuperAlertController (1.1.0)
  - SuperAlertControllerExtensions (1.0.0):
    - SuperAlertController

DEPENDENCIES:
  - SuperAlertControllerExtensions (from `../`)

EXTERNAL SOURCES:
  SuperAlertControllerExtensions:
    :path: ../

SPEC CHECKSUMS:
  SuperAlertController: f4c22b1cf86664cbd8d61724dc9e9564e7564534
  SuperAlertControllerExtensions: ed6313014d02e69cbb9efef410d425ad0bb427a9

PODFILE CHECKSUM: 2237679da0f179fdba4bc8b2a299b784325dbdaf

COCOAPODS: 1.4.0
