PODS:
  - SuperAlertController (1.0.5)
  - SuperAlertControllerExtensions (1.0.5):
    - SuperAlertController

DEPENDENCIES:
  - SuperAlertControllerExtensions (from `../`)

EXTERNAL SOURCES:
  SuperAlertControllerExtensions:
    :path: ../

SPEC CHECKSUMS:
  SuperAlertController: f900f8da730f48ed233c8dea543c028d082b54c1
  SuperAlertControllerExtensions: f9235fb5de2ca04c37423db12c883a76e4a3aa43

PODFILE CHECKSUM: 2237679da0f179fdba4bc8b2a299b784325dbdaf

COCOAPODS: 1.4.0
